{
  "name": "mdtohtml",
  "version": "1.0.0",
  "lockfileVersion": 1,
  "requires": true,
  "dependencies": {
    "ejs": {
      "version": "3.0.1",
      "resolved": "https://registry.npmjs.org/ejs/-/ejs-3.0.1.tgz",
      "integrity": "sha512-cuIMtJwxvzumSAkqaaoGY/L6Fc/t6YvoP9/VIaK0V/CyqKLEQ8sqODmYfy/cjXEdZ9+OOL8TecbJu+1RsofGDw=="
    },
    "marked": {
      "version": "4.0.10",
      "resolved": "https://registry.npmjs.org/marked/-/marked-4.0.10.tgz",
      "integrity": "sha512-+QvuFj0nGgO970fySghXGmuw+Fd0gD2x3+MqCWLIPf5oxdv1Ka6b2q+z9RP01P/IaKPMEramy+7cNy/Lw8c3hw=="
    }
  }
}
